// !$*UTF8*$!
{
	archiveVersion = 1;
	classes = {};
	objectVersion = 77;
	objects = {
/* Begin PBXBuildFile section */
		A10000000000000000000076 = {isa = PBXBuildFile; fileRef = A20000000000000000000076; };
		A10000000000000000000001 = {isa = PBXBuildFile; fileRef = A20000000000000000000001; };
		A10000000000000000000002 = {isa = PBXBuildFile; fileRef = A20000000000000000000002; };
		A10000000000000000000003 = {isa = PBXBuildFile; fileRef = A20000000000000000000003; };
		A10000000000000000000004 = {isa = PBXBuildFile; fileRef = A20000000000000000000004; };
		A10000000000000000000005 = {isa = PBXBuildFile; fileRef = A20000000000000000000005; };
		A10000000000000000000006 = {isa = PBXBuildFile; fileRef = A20000000000000000000006; };
		A10000000000000000000008 = {isa = PBXBuildFile; fileRef = A20000000000000000000010; };
		A10000000000000000000009 = {isa = PBXBuildFile; fileRef = A20000000000000000000011; };
		A10000000000000000000010 = {isa = PBXBuildFile; fileRef = A20000000000000000000012; };
		A10000000000000000000011 = {isa = PBXBuildFile; fileRef = A20000000000000000000013; };
		A10000000000000000000012 = {isa = PBXBuildFile; fileRef = A20000000000000000000014; };
		A10000000000000000000013 = {isa = PBXBuildFile; fileRef = A20000000000000000000015; };
		A10000000000000000000014 = {isa = PBXBuildFile; fileRef = A20000000000000000000016; };
		A10000000000000000000015 = {isa = PBXBuildFile; fileRef = A20000000000000000000017; };
		A10000000000000000000016 = {isa = PBXBuildFile; fileRef = A20000000000000000000018; };
		A10000000000000000000017 = {isa = PBXBuildFile; fileRef = A20000000000000000000019; };
		C10000000000000000000001 = {isa = PBXBuildFile; fileRef = C20000000000000000000001; };
		C10000000000000000000002 = {isa = PBXBuildFile; fileRef = C20000000000000000000002; };
		C10000000000000000000003 = {isa = PBXBuildFile; fileRef = C20000000000000000000003; };
		C10000000000000000000004 = {isa = PBXBuildFile; fileRef = C20000000000000000000004; };
		C10000000000000000000005 = {isa = PBXBuildFile; fileRef = C20000000000000000000005; };
		C10000000000000000000006 = {isa = PBXBuildFile; fileRef = C20000000000000000000005; };
		D10000000000000000000001 = {isa = PBXBuildFile; fileRef = D20000000000000000000001; };
		D10000000000000000000002 = {isa = PBXBuildFile; fileRef = D20000000000000000000002; };
		D10000000000000000000003 = {isa = PBXBuildFile; fileRef = D20000000000000000000003; };
		D10000000000000000000005 = {isa = PBXBuildFile; fileRef = D20000000000000000000007; };
		D10000000000000000000006 = {isa = PBXBuildFile; fileRef = D20000000000000000000008; };
		C10000000000000000000008 = {isa = PBXBuildFile; fileRef = C20000000000000000000008; };
		A10000000000000000000020 = {isa = PBXBuildFile; fileRef = A20000000000000000000020; };
		A10000000000000000000021 = {isa = PBXBuildFile; fileRef = A20000000000000000000021; };
		A10000000000000000000022 = {isa = PBXBuildFile; fileRef = A20000000000000000000022; };
		A10000000000000000000023 = {isa = PBXBuildFile; fileRef = A20000000000000000000023; };
		A10000000000000000000024 = {isa = PBXBuildFile; fileRef = A20000000000000000000024; };
		A10000000000000000000025 = {isa = PBXBuildFile; fileRef = A20000000000000000000025; };
		A10000000000000000000026 = {isa = PBXBuildFile; fileRef = A20000000000000000000026; };
		A10000000000000000000027 = {isa = PBXBuildFile; fileRef = A20000000000000000000027; };
		A10000000000000000000028 = {isa = PBXBuildFile; fileRef = A20000000000000000000028; };
		A10000000000000000000029 = {isa = PBXBuildFile; fileRef = A20000000000000000000029; };
		A1000000000000000000002A = {isa = PBXBuildFile; fileRef = A2000000000000000000002A; };
		A1000000000000000000002B = {isa = PBXBuildFile; fileRef = A2000000000000000000002B; };
		A1000000000000000000002C = {isa = PBXBuildFile; fileRef = A2000000000000000000002C; };
		A1000000000000000000002D = {isa = PBXBuildFile; fileRef = A2000000000000000000002D; };
		A1000000000000000000002E = {isa = PBXBuildFile; fileRef = A2000000000000000000002E; };
		A1000000000000000000002F = {isa = PBXBuildFile; fileRef = A2000000000000000000002F; };
		A10000000000000000000030 = {isa = PBXBuildFile; fileRef = A20000000000000000000030; };
		A10000000000000000000031 = {isa = PBXBuildFile; fileRef = A20000000000000000000031; };
		A10000000000000000000032 = {isa = PBXBuildFile; fileRef = A20000000000000000000032; };
		A10000000000000000000033 = {isa = PBXBuildFile; fileRef = A20000000000000000000033; };
		A10000000000000000000034 = {isa = PBXBuildFile; fileRef = A20000000000000000000034; };
		A10000000000000000000037 = {isa = PBXBuildFile; fileRef = A20000000000000000000037; };
		A10000000000000000000038 = {isa = PBXBuildFile; fileRef = A20000000000000000000038; };
		A10000000000000000000039 = {isa = PBXBuildFile; fileRef = A20000000000000000000039; };
		A1000000000000000000003C = {isa = PBXBuildFile; fileRef = A2000000000000000000003C; };
		A1000000000000000000003F = {isa = PBXBuildFile; fileRef = A2000000000000000000003F; };
		A10000000000000000000040 = {isa = PBXBuildFile; fileRef = A20000000000000000000040; };
		A10000000000000000000041 = {isa = PBXBuildFile; fileRef = A20000000000000000000041; };
		A10000000000000000000043 = {isa = PBXBuildFile; fileRef = A20000000000000000000043; };
		A10000000000000000000044 = {isa = PBXBuildFile; fileRef = A20000000000000000000044; };
		A10000000000000000000045 = {isa = PBXBuildFile; fileRef = A20000000000000000000045; };
		3D687220586BA650701AEAC5 = {isa = PBXBuildFile; fileRef = 8F5670E2324E4027D5FF67CB; };
		A10000000000000000000046 = {isa = PBXBuildFile; fileRef = A20000000000000000000046; };
		F10000000000000000000001 = {isa = PBXBuildFile; productRef = F20000000000000000000001; };
		A10000000000000000000064 = {isa = PBXBuildFile; fileRef = A20000000000000000000064; };
		A10000000000000000000065 = {isa = PBXBuildFile; fileRef = A20000000000000000000065; };
		A10000000000000000000066 = {isa = PBXBuildFile; fileRef = A20000000000000000000066; };
		A10000000000000000000067 = {isa = PBXBuildFile; fileRef = A20000000000000000000067; };
		A10000000000000000000068 = {isa = PBXBuildFile; fileRef = A20000000000000000000068; };
		19E2BD74B749D784455294C7 /* AppControlStyle.swift in Sources */ = {isa = PBXBuildFile; fileRef = 81B94FDDDFEA654FDE1010F7; };
		D28BABCC7CCA81316979D22F = {isa = PBXBuildFile; fileRef = B4BE5B5E69F82F4FC3BD9C8C; };
		A10000000000000000000069 = {isa = PBXBuildFile; fileRef = A20000000000000000000069; };
		A10000000000000000000075 = {isa = PBXBuildFile; fileRef = A20000000000000000000075; };
		A10000000000000000000070 = {isa = PBXBuildFile; fileRef = A20000000000000000000070; };
		A10000000000000000000071 = {isa = PBXBuildFile; fileRef = A20000000000000000000071; };
		A10000000000000000000072 = {isa = PBXBuildFile; fileRef = A20000000000000000000072; };
		A10000000000000000000073 = {isa = PBXBuildFile; fileRef = A20000000000000000000073; };
		BB0F48F5D1954E8B931652B1 /* AppBrand.swift in Sources */ = {isa = PBXBuildFile; fileRef = BB0F48F5D1954E8B931652B2; };
		7F5745092BC9F055EB2F8D8C = {isa = PBXBuildFile; fileRef = 2650FCED448246F9CEE65AB4; };
		0B0F6CF84C7881FA091E262B = {isa = PBXBuildFile; fileRef = AF7B796FF0B7FB13B063B0B6; };
		9CE256F13F5CA0A434FA6D8C = {isa = PBXBuildFile; fileRef = 1BC6066B72D78B476056D049; };
		2D9684BA760B214C29E156A9 = {isa = PBXBuildFile; fileRef = 78C4C2B3F3EA485DB3C56242; };
		46576A9F5771D9974650EADF = {isa = PBXBuildFile; fileRef = 99810B2979D1551BF6B6CD94; };
		39D309C0A8AC9CB278C83134 = {isa = PBXBuildFile; fileRef = CA14BC39ED0F94136B0EE5BF; };
		57E4E18F0F95622FBDA8B5F2 = {isa = PBXBuildFile; fileRef = 3851534CA1CECC594444265A; };
		E0DA6393BABA377B9FBC56EA = {isa = PBXBuildFile; fileRef = 827A537DA5000D80FBCD2235; };
		BC0E91E4783D914D9509F11F = {isa = PBXBuildFile; fileRef = EB61741FB1F991E4FBF43217; };
		B211A9FDE331BA61B15A4BF9 = {isa = PBXBuildFile; fileRef = D2A104135ADDA4F4D6844EF2; };
		DE1C509A35E879F72C0535B2 = {isa = PBXBuildFile; fileRef = ADCB4CCCCB1FEA4477DBDF9D; };
BC8BACB21BCAA8AD0251ACD3 = {isa = PBXBuildFile; fileRef = F1E65BBA7264588B9E9A96F8; };
		BB830FFD97282117CDDE4B07 = {isa = PBXBuildFile; fileRef = CAE5253EAFF48867457A124C; };
		1D7CBD57ED7A24D7369F7E1A = {isa = PBXBuildFile; fileRef = B4F739B77D64B04908F37AC4; };
		690CA304A3CF685AFFF32815 = {isa = PBXBuildFile; fileRef = 07209320A8C0B8443E596CBA; };
		79406A12231A1C4B305691FC = {isa = PBXBuildFile; fileRef = 2E23633B21724D0F2CE9EDB3; };
		9620240A7038C37F0FCBBB21 = {isa = PBXBuildFile; fileRef = BFA6126485AC5BA3041FF68A; };
		D5DA7F9ED9EC98DED51823CA = {isa = PBXBuildFile; fileRef = 4043E409BA8270F378E4FA97; };
		E11000000000000000000001 = {isa = PBXBuildFile; fileRef = E21000000000000000000001; };
		E11000000000000000000002 = {isa = PBXBuildFile; fileRef = E21000000000000000000002; };
		E11000000000000000000004 = {isa = PBXBuildFile; fileRef = E21000000000000000000004; };
		DC72ED39F675385F4DF7B230 = {isa = PBXBuildFile; fileRef = 630B201E9FC96A203FD32641; };
		BFFE8A427241A90AB9D8432E = {isa = PBXBuildFile; fileRef = 3C3310FADABF5C0409C25D67; };
		BF61F91261F92F55BC807AE3 = {isa = PBXBuildFile; fileRef = 782F080DE1AC32BC06559FBF; };
/* End PBXBuildFile section */
/* Begin PBXContainerItemProxy section */
		A30000000000000000000001 = {
			isa = PBXContainerItemProxy;
			containerPortal = A40000000000000000000001;
			proxyType = 1;
			remoteGlobalIDString = A50000000000000000000001;
			remoteInfo = CursorTestHost;
		};
		C30000000000000000000001 = {isa = PBXContainerItemProxy; containerPortal = A40000000000000000000001; proxyType = 1; remoteGlobalIDString = C50000000000000000000001; remoteInfo = StoreKitTestHost; };
		D30000000000000000000001 = {isa = PBXContainerItemProxy; containerPortal = A40000000000000000000001; proxyType = 1; remoteGlobalIDString = D50000000000000000000001; remoteInfo = E2ETestHost; };
/* End PBXContainerItemProxy section */
/* Begin PBXFileReference section */
		A20000000000000000000076 = {isa = PBXFileReference; lastKnownFileType = image.png; name = BrandSprite.png; path = ../../Sources/BoundlessTranslator/Resources/BrandSprite.png; sourceTree = "<group>"; };
		A20000000000000000000001 = {isa = PBXFileReference; lastKnownFileType = sourcecode.swift; name = CursorTestHost.swift; path = ../GUI/FixtureApp/CursorTestHost.swift; sourceTree = "<group>"; };
		A20000000000000000000002 = {isa = PBXFileReference; lastKnownFileType = sourcecode.swift; name = DictionaryLookupSelection.swift; path = ../../Sources/BoundlessTranslator/Translation/Lookup/DictionaryLookupSelection.swift; sourceTree = "<group>"; };
		A20000000000000000000003 = {isa = PBXFileReference; lastKnownFileType = sourcecode.swift; name = OverflowAwareScrollView.swift; path = ../../Sources/BoundlessTranslator/Translation/UI/OverflowAwareScrollView.swift; sourceTree = "<group>"; };
		A20000000000000000000004 = {isa = PBXFileReference; lastKnownFileType = sourcecode.swift; name = SourceTextLookupView.swift; path = ../../Sources/BoundlessTranslator/Translation/Lookup/SourceTextLookupView.swift; sourceTree = "<group>"; };
		A20000000000000000000005 = {isa = PBXFileReference; lastKnownFileType = sourcecode.swift; name = TranslationPanelContentView.swift; path = ../../Sources/BoundlessTranslator/Translation/UI/TranslationPanelContentView.swift; sourceTree = "<group>"; };
		A20000000000000000000006 = {isa = PBXFileReference; lastKnownFileType = sourcecode.swift; name = TranslationPanelStyle.swift; path = ../../Sources/BoundlessTranslator/Translation/UI/TranslationPanelStyle.swift; sourceTree = "<group>"; };
		A20000000000000000000008 = {isa = PBXFileReference; explicitFileType = wrapper.application; includeInIndex = 0; path = BoundlessTranslatorCursorTestHost.app; sourceTree = BUILT_PRODUCTS_DIR; };
		A20000000000000000000009 = {isa = PBXFileReference; explicitFileType = wrapper.cfbundle; includeInIndex = 0; path = BoundlessTranslatorGUITests.xctest; sourceTree = BUILT_PRODUCTS_DIR; };
		A20000000000000000000010 = {isa = PBXFileReference; lastKnownFileType = sourcecode.swift; name = TranslationPanel.swift; path = ../../Sources/BoundlessTranslator/Translation/UI/TranslationPanel.swift; sourceTree = "<group>"; };
		A20000000000000000000011 = {isa = PBXFileReference; lastKnownFileType = sourcecode.swift; name = PanelInteractionPolicy.swift; path = ../../Sources/BoundlessTranslator/Translation/UI/PanelInteractionPolicy.swift; sourceTree = "<group>"; };
		A20000000000000000000012 = {isa = PBXFileReference; lastKnownFileType = sourcecode.swift; name = LookupActionOverlay.swift; path = ../../Sources/BoundlessTranslator/Translation/Lookup/LookupActionOverlay.swift; sourceTree = "<group>"; };
		A20000000000000000000013 = {isa = PBXFileReference; lastKnownFileType = sourcecode.swift; name = TranslationTextViewFactory.swift; path = ../../Sources/BoundlessTranslator/Translation/UI/TranslationTextViewFactory.swift; sourceTree = "<group>"; };
		A20000000000000000000014 = {isa = PBXFileReference; lastKnownFileType = sourcecode.swift; name = AppLocalization.swift; path = ../../Sources/BoundlessTranslator/Localization/AppLocalization.swift; sourceTree = "<group>"; };
		A20000000000000000000015 = {isa = PBXVariantGroup; children = (BC81889B7AD1D1DDA7AB553A, 33E703F92E26D9BDBCFFB8A7, C5A3B25FAC82F475462DF5F1, E3DC580C092AEFA5B49AA489, 5A353FBC3A153827E77C2274, 58FE346576C64BCA9EAE7041, 389FD871C69BCD03062D99E1, 6306D5676906142A99E5CE87, 21E43E00C03A7023EFDDF2AE, D01FA1F11DE66C476DEEB471, 8EF48FAE8168B69F83044ECE, 662E0BD6838437936AABCD51, C76CAA5C71E16043031E6A96, C0AE7450D2AACECA4AD3D79A, 7AF1C2442564DFDBEF42359C, A287C141D5178AE7CE3A646C, D34EED843BEF2DECCB6C0935, FD10B7198F5258CE4BD54004, F6B393CE41F36BE22C335B9E, 65412314CE6E68745FA08620, 189E33473975B54E55C44923, 462F966697EE064B004F4A0E, CDC1F0FC2C30BD6853BC26E3, 39D86977C6ADF91D95C828D2, 2A3ACBD51022870BF65E0384, D1D807078A1EB967B0156B6A, C480DFD715FDEC09F9F33362, 6899C61B9D84AF1BF5C23344, 10519F62455FEE3F08CFDD76, DD7A7FD3C8DB42062DA1B4DB, 20EF74C71EFDA0DB31F85317, C2824AD5B8D8450DD9FC88A9, E27CB1A97016D9F79EED0995, 090FFB8B8EAE403A0E980988, 60D835C65411D162F25C2AB8, 91E5AC0826DDBB74808FA5FC, 8980CA4964C6114183D7A882, 87A85E6123E922F7EE193B56, 37CEF3896D433D1C4281E427, 1750C71EB65092DD01CAF762, 2FA49DAC4D6B99AD916F785B, F6CC245926B4426B3BADCA4C, 04AA0EEDB45FA121E1BB74DA, FB8D21482CC0117C7CA03426, B7D0E7FF47FEFC6FDFFF5916, 3BFA165D1F47630BEFF572CC, FAE81852BD8E2ECCC56F0DBF, 0ECC346B29010F24D8EFB054,); name = Localizable.strings; sourceTree = "<group>"; };
		A20000000000000000000016 = {isa = PBXFileReference; lastKnownFileType = sourcecode.swift; name = InterfaceLanguageCatalog.swift; path = ../../Sources/BoundlessTranslator/Localization/InterfaceLanguageCatalog.swift; sourceTree = "<group>"; };
		A20000000000000000000017 = {isa = PBXFileReference; lastKnownFileType = sourcecode.swift; name = ImageTextFixture.swift; path = ../GUI/ImageTextFixtureApp/ImageTextFixture.swift; sourceTree = "<group>"; };
		A20000000000000000000018 = {isa = PBXFileReference; lastKnownFileType = sourcecode.swift; name = ImageTextView.swift; path = ../../Sources/BoundlessTranslator/ImageViewer/ImageTextView.swift; sourceTree = "<group>"; };
		A20000000000000000000019 = {isa = PBXFileReference; lastKnownFileType = sourcecode.swift; name = ImageTextSelectionGUITests.swift; path = ../GUI/ImageTextSelectionGUITests.swift; sourceTree = "<group>"; };
		C20000000000000000000001 = {isa = PBXFileReference; lastKnownFileType = sourcecode.swift; name = StoreKitTestHost.swift; path = ../StoreKit/Host/StoreKitTestHost.swift; sourceTree = "<group>"; };
		C20000000000000000000002 = {isa = PBXFileReference; lastKnownFileType = sourcecode.swift; name = StoreKitSubscriptionIntegrationTests.swift; path = ../StoreKit/StoreKitSubscriptionIntegrationTests.swift; sourceTree = "<group>"; };
		C20000000000000000000003 = {isa = PBXFileReference; lastKnownFileType = sourcecode.swift; name = SubscriptionAccessController.swift; path = ../../Sources/BoundlessTranslator/Subscription/SubscriptionAccessController.swift; sourceTree = "<group>"; };
		C20000000000000000000004 = {isa = PBXFileReference; lastKnownFileType = sourcecode.swift; name = StoreKitSubscriptionProvider.swift; path = ../../Sources/BoundlessTranslator/Subscription/StoreKitSubscriptionProvider.swift; sourceTree = "<group>"; };
		C20000000000000000000005 = {isa = PBXFileReference; lastKnownFileType = text.json; name = BoundlessTranslator.storekit; path = ../StoreKit/BoundlessTranslator.storekit; sourceTree = "<group>"; };
		C20000000000000000000006 = {isa = PBXFileReference; explicitFileType = wrapper.application; includeInIndex = 0; path = BoundlessTranslatorStoreKitTestHost.app; sourceTree = BUILT_PRODUCTS_DIR; };
		C20000000000000000000007 = {isa = PBXFileReference; explicitFileType = wrapper.cfbundle; includeInIndex = 0; path = BoundlessTranslatorStoreKitTests.xctest; sourceTree = BUILT_PRODUCTS_DIR; };
		D20000000000000000000001 = {isa = PBXFileReference; lastKnownFileType = sourcecode.swift; name = E2ETestHost.swift; path = ../E2E/Host/E2ETestHost.swift; sourceTree = "<group>"; };
		D20000000000000000000002 = {isa = PBXFileReference; lastKnownFileType = sourcecode.swift; name = BoundlessTranslatorE2ETestCase.swift; path = ../E2E/BoundlessTranslatorE2ETestCase.swift; sourceTree = "<group>"; };
		D20000000000000000000003 = {isa = PBXFileReference; lastKnownFileType = sourcecode.swift; name = PermissionE2ETests.swift; path = ../E2E/PermissionE2ETests.swift; sourceTree = "<group>"; };
		D20000000000000000000004 = {isa = PBXFileReference; explicitFileType = wrapper.application; includeInIndex = 0; path = BoundlessTranslatorE2ETestHost.app; sourceTree = BUILT_PRODUCTS_DIR; };
		D20000000000000000000005 = {isa = PBXFileReference; explicitFileType = wrapper.cfbundle; includeInIndex = 0; path = BoundlessTranslatorE2ETests.xctest; sourceTree = BUILT_PRODUCTS_DIR; };
		D20000000000000000000007 = {isa = PBXFileReference; lastKnownFileType = sourcecode.swift; name = SelectionTranslationE2ETests.swift; path = ../E2E/SelectionTranslationE2ETests.swift; sourceTree = "<group>"; };
		D20000000000000000000008 = {isa = PBXFileReference; lastKnownFileType = sourcecode.swift; name = ScreenshotE2ETests.swift; path = ../E2E/ScreenshotE2ETests.swift; sourceTree = "<group>"; };
		C20000000000000000000008 = {isa = PBXFileReference; lastKnownFileType = sourcecode.swift; name = SubscriptionStoreController.swift; path = ../../Sources/BoundlessTranslator/Subscription/SubscriptionStoreController.swift; sourceTree = "<group>"; };
		A20000000000000000000020 = {isa = PBXFileReference; lastKnownFileType = sourcecode.swift; name = ForegroundWindowPresenter.swift; path = ../../Sources/BoundlessTranslator/Application/ForegroundWindowPresenter.swift; sourceTree = "<group>"; };
		A20000000000000000000021 = {isa = PBXFileReference; lastKnownFileType = sourcecode.swift; name = GlobalShortcutDefinition.swift; path = ../../Sources/BoundlessTranslator/Application/Shortcut/GlobalShortcutDefinition.swift; sourceTree = "<group>"; };
		A20000000000000000000022 = {isa = PBXFileReference; lastKnownFileType = sourcecode.swift; name = GlobalShortcutMonitor.swift; path = ../../Sources/BoundlessTranslator/Application/Shortcut/GlobalShortcutMonitor.swift; sourceTree = "<group>"; };
		A20000000000000000000023 = {isa = PBXFileReference; lastKnownFileType = sourcecode.swift; name = ImageViewerSelectionReader.swift; path = ../../Sources/BoundlessTranslator/ImageViewer/ImageViewerSelectionReader.swift; sourceTree = "<group>"; };
		A20000000000000000000024 = {isa = PBXFileReference; lastKnownFileType = sourcecode.swift; name = ImageViewerWindowController.swift; path = ../../Sources/BoundlessTranslator/ImageViewer/ImageViewerWindowController.swift; sourceTree = "<group>"; };
		A20000000000000000000025 = {isa = PBXFileReference; lastKnownFileType = sourcecode.swift; name = ScreenRecordingPermission.swift; path = ../../Sources/BoundlessTranslator/ImageViewer/ScreenRecordingPermission.swift; sourceTree = "<group>"; };
		A20000000000000000000026 = {isa = PBXFileReference; lastKnownFileType = sourcecode.swift; name = ScreenshotCapture.swift; path = ../../Sources/BoundlessTranslator/ImageViewer/ScreenshotCapture.swift; sourceTree = "<group>"; };
		A20000000000000000000027 = {isa = PBXFileReference; lastKnownFileType = sourcecode.swift; name = InterfaceLanguageEnvironment.swift; path = ../../Sources/BoundlessTranslator/Localization/InterfaceLanguageEnvironment.swift; sourceTree = "<group>"; };
		A20000000000000000000028 = {isa = PBXFileReference; lastKnownFileType = sourcecode.swift; name = AccessibilitySelectedTextReader.swift; path = ../../Sources/BoundlessTranslator/Selection/AccessibilitySelectedTextReader.swift; sourceTree = "<group>"; };
		A20000000000000000000029 = {isa = PBXFileReference; lastKnownFileType = sourcecode.swift; name = SelectedText.swift; path = ../../Sources/BoundlessTranslator/Selection/SelectedText.swift; sourceTree = "<group>"; };
		A2000000000000000000002A = {isa = PBXFileReference; lastKnownFileType = sourcecode.swift; name = SelectedTextResolver.swift; path = ../../Sources/BoundlessTranslator/Selection/SelectedTextResolver.swift; sourceTree = "<group>"; };
		A2000000000000000000002B = {isa = PBXFileReference; lastKnownFileType = sourcecode.swift; name = InterfaceLanguageSettings.swift; path = ../../Sources/BoundlessTranslator/Settings/InterfaceLanguageSettings.swift; sourceTree = "<group>"; };
		A2000000000000000000002C = {isa = PBXFileReference; lastKnownFileType = sourcecode.swift; name = LanguageOption.swift; path = ../../Sources/BoundlessTranslator/Settings/LanguageOption.swift; sourceTree = "<group>"; };
		A2000000000000000000002D = {isa = PBXFileReference; lastKnownFileType = sourcecode.swift; name = TranslationEngine.swift; path = ../../Sources/BoundlessTranslator/Translation/Engines/TranslationEngine.swift; sourceTree = "<group>"; };
		A2000000000000000000002E = {isa = PBXFileReference; lastKnownFileType = sourcecode.swift; name = TranslationRunner.swift; path = ../../Sources/BoundlessTranslator/Translation/Engines/TranslationRunner.swift; sourceTree = "<group>"; };
		A2000000000000000000002F = {isa = PBXFileReference; lastKnownFileType = sourcecode.swift; name = AppleSpeechPlayer.swift; path = ../../Sources/BoundlessTranslator/Translation/Speech/AppleSpeechPlayer.swift; sourceTree = "<group>"; };
		A20000000000000000000030 = {isa = PBXFileReference; lastKnownFileType = sourcecode.swift; name = SpeechPlayer.swift; path = ../../Sources/BoundlessTranslator/Translation/Speech/SpeechPlayer.swift; sourceTree = "<group>"; };
		A20000000000000000000031 = {isa = PBXFileReference; lastKnownFileType = sourcecode.swift; name = TranslationSpeechController.swift; path = ../../Sources/BoundlessTranslator/Translation/Speech/TranslationSpeechController.swift; sourceTree = "<group>"; };
		A20000000000000000000032 = {isa = PBXFileReference; lastKnownFileType = sourcecode.swift; name = TranslationCoordinator.swift; path = ../../Sources/BoundlessTranslator/Translation/TranslationCoordinator.swift; sourceTree = "<group>"; };
		A20000000000000000000033 = {isa = PBXFileReference; lastKnownFileType = sourcecode.swift; name = TranslationFailure.swift; path = ../../Sources/BoundlessTranslator/Translation/TranslationFailure.swift; sourceTree = "<group>"; };
		A20000000000000000000034 = {isa = PBXFileReference; lastKnownFileType = sourcecode.swift; name = TranslationRequest.swift; path = ../../Sources/BoundlessTranslator/Translation/TranslationRequest.swift; sourceTree = "<group>"; };
		A20000000000000000000037 = {isa = PBXFileReference; lastKnownFileType = sourcecode.swift; name = PanelPositioner.swift; path = ../../Sources/BoundlessTranslator/Translation/UI/PanelPositioner.swift; sourceTree = "<group>"; };
		A20000000000000000000038 = {isa = PBXFileReference; lastKnownFileType = sourcecode.swift; name = SelectableTranslationTextView.swift; path = ../../Sources/BoundlessTranslator/Translation/UI/SelectableTranslationTextView.swift; sourceTree = "<group>"; };
		A20000000000000000000039 = {isa = PBXFileReference; lastKnownFileType = sourcecode.swift; name = SelectionErrorView.swift; path = ../../Sources/BoundlessTranslator/Translation/UI/SelectionErrorView.swift; sourceTree = "<group>"; };
		A2000000000000000000003C = {isa = PBXFileReference; lastKnownFileType = sourcecode.swift; name = TranslationLanguagePairFormatter.swift; path = ../../Sources/BoundlessTranslator/Translation/UI/TranslationLanguagePairFormatter.swift; sourceTree = "<group>"; };
		A2000000000000000000003F = {isa = PBXFileReference; lastKnownFileType = sourcecode.swift; name = TranslationPanelController.swift; path = ../../Sources/BoundlessTranslator/Translation/UI/TranslationPanelController.swift; sourceTree = "<group>"; };
		A20000000000000000000040 = {isa = PBXFileReference; lastKnownFileType = sourcecode.swift; name = TranslationPanelLayout.swift; path = ../../Sources/BoundlessTranslator/Translation/UI/TranslationPanelLayout.swift; sourceTree = "<group>"; };
		A20000000000000000000041 = {isa = PBXFileReference; lastKnownFileType = sourcecode.swift; name = TranslationPanelState.swift; path = ../../Sources/BoundlessTranslator/Translation/UI/TranslationPanelState.swift; sourceTree = "<group>"; };
		A20000000000000000000043 = {isa = PBXFileReference; lastKnownFileType = sourcecode.swift; name = TranslationPanelToolbar.swift; path = ../../Sources/BoundlessTranslator/Translation/UI/TranslationPanelToolbar.swift; sourceTree = "<group>"; };
		A20000000000000000000044 = {isa = PBXFileReference; lastKnownFileType = sourcecode.swift; name = TranslationPanelToolbarController.swift; path = ../../Sources/BoundlessTranslator/Translation/UI/TranslationPanelToolbarController.swift; sourceTree = "<group>"; };
		A20000000000000000000045 = {isa = PBXFileReference; lastKnownFileType = sourcecode.swift; name = TranslationPanelView.swift; path = ../../Sources/BoundlessTranslator/Translation/UI/TranslationPanelView.swift; sourceTree = "<group>"; };
		8F5670E2324E4027D5FF67CB = {isa = PBXFileReference; lastKnownFileType = sourcecode.swift; name = TranslationFailureView.swift; path = ../../Sources/BoundlessTranslator/Translation/UI/TranslationFailureView.swift; sourceTree = "<group>"; };
		A20000000000000000000046 = {isa = PBXFileReference; lastKnownFileType = sourcecode.swift; name = TranslationSpeechButton.swift; path = ../../Sources/BoundlessTranslator/Translation/UI/TranslationSpeechButton.swift; sourceTree = "<group>"; };
		A20000000000000000000064 = {isa = PBXFileReference; lastKnownFileType = sourcecode.swift; name = LanguageDisplayNameFormatter.swift; path = ../../Sources/BoundlessTranslator/LanguageDisplayNameFormatter.swift; sourceTree = "<group>"; };
		A20000000000000000000065 = {isa = PBXFileReference; lastKnownFileType = sourcecode.swift; name = PermissionExplanation.swift; path = ../../Sources/BoundlessTranslator/Application/PermissionExplanation.swift; sourceTree = "<group>"; };
		A20000000000000000000066 = {isa = PBXFileReference; lastKnownFileType = sourcecode.swift; name = PermissionGuideWindowController.swift; path = ../../Sources/BoundlessTranslator/Application/PermissionGuideWindowController.swift; sourceTree = "<group>"; };
		A20000000000000000000067 = {isa = PBXFileReference; lastKnownFileType = sourcecode.swift; name = PermissionGuideView.swift; path = ../../Sources/BoundlessTranslator/Application/PermissionGuideView.swift; sourceTree = "<group>"; };
		A20000000000000000000068 = {isa = PBXFileReference; lastKnownFileType = sourcecode.swift; name = PermissionGuideConfiguration.swift; path = ../../Sources/BoundlessTranslator/Application/PermissionGuideConfiguration.swift; sourceTree = "<group>"; };
		81B94FDDDFEA654FDE1010F7 /* AppControlStyle.swift */ = {isa = PBXFileReference; lastKnownFileType = sourcecode.swift; path = ../../Sources/BoundlessTranslator/Application/AppControlStyle.swift; sourceTree = "<group>"; };
		B4BE5B5E69F82F4FC3BD9C8C = {isa = PBXFileReference; lastKnownFileType = sourcecode.swift; path = "../../Sources/BoundlessTranslator/Translation/TranslationTextSplitter.swift"; sourceTree = "<group>"; };
		A20000000000000000000069 = {isa = PBXFileReference; lastKnownFileType = sourcecode.swift; name = LookupTip.swift; path = ../../Sources/BoundlessTranslator/Translation/UI/LookupTip.swift; sourceTree = "<group>"; };
		A20000000000000000000075 = {isa = PBXFileReference; lastKnownFileType = sourcecode.swift; name = ScreenshotTip.swift; path = ../../Sources/BoundlessTranslator/ImageViewer/ScreenshotTip.swift; sourceTree = "<group>"; };
		A20000000000000000000070 = {isa = PBXFileReference; lastKnownFileType = sourcecode.swift; name = ScreenshotTipController.swift; path = ../../Sources/BoundlessTranslator/ImageViewer/ScreenshotTipController.swift; sourceTree = "<group>"; };
		A20000000000000000000071 = {isa = PBXFileReference; lastKnownFileType = sourcecode.swift; name = HintView.swift; path = ../../Sources/BoundlessTranslator/Application/HintView.swift; sourceTree = "<group>"; };
		A20000000000000000000072 = {isa = PBXFileReference; lastKnownFileType = sourcecode.swift; name = HintFixture.swift; path = ../GUI/HintFixtureApp/HintFixture.swift; sourceTree = "<group>"; };
		A20000000000000000000073 = {isa = PBXFileReference; lastKnownFileType = sourcecode.swift; name = HintPresentationGUITests.swift; path = ../GUI/HintPresentationGUITests.swift; sourceTree = "<group>"; };
		BB0F48F5D1954E8B931652B2 /* AppBrand.swift */ = {isa = PBXFileReference; lastKnownFileType = sourcecode.swift; path = ../../Sources/BoundlessTranslator/Application/AppBrand.swift; sourceTree = "<group>"; };
		2650FCED448246F9CEE65AB4 = {isa = PBXFileReference; lastKnownFileType = sourcecode.swift; path = ../../Sources/BoundlessTranslator/Settings/ShortcutRecorderControl.swift; sourceTree = "<group>"; };
		AF7B796FF0B7FB13B063B0B6 = {isa = PBXFileReference; lastKnownFileType = sourcecode.swift; path = ../../Sources/BoundlessTranslator/Settings/TranslationSettings.swift; sourceTree = "<group>"; };
		1BC6066B72D78B476056D049 = {isa = PBXFileReference; lastKnownFileType = sourcecode.swift; path = ../../Sources/BoundlessTranslator/Settings/PreferencesView.swift; sourceTree = "<group>"; };
		78C4C2B3F3EA485DB3C56242 = {isa = PBXFileReference; lastKnownFileType = sourcecode.swift; path = ../../Sources/BoundlessTranslator/Settings/ShortcutPreferencesView.swift; sourceTree = "<group>"; };
		99810B2979D1551BF6B6CD94 = {isa = PBXFileReference; lastKnownFileType = sourcecode.swift; path = ../../Sources/BoundlessTranslator/Settings/TranslationPreferencesView.swift; sourceTree = "<group>"; };
		CA14BC39ED0F94136B0EE5BF = {isa = PBXFileReference; lastKnownFileType = sourcecode.swift; path = ../../Sources/BoundlessTranslator/Settings/PreferencesWindowController.swift; sourceTree = "<group>"; };
		3851534CA1CECC594444265A = {isa = PBXFileReference; lastKnownFileType = sourcecode.swift; path = ../../Sources/BoundlessTranslator/Settings/PreferencesActionButton.swift; sourceTree = "<group>"; };
		827A537DA5000D80FBCD2235 = {isa = PBXFileReference; lastKnownFileType = sourcecode.swift; path = ../../Sources/BoundlessTranslator/Settings/InterfaceLanguagePreferencesView.swift; sourceTree = "<group>"; };
		EB61741FB1F991E4FBF43217 = {isa = PBXFileReference; lastKnownFileType = sourcecode.swift; path = ../../Sources/BoundlessTranslator/Settings/UsagePreferencesView.swift; sourceTree = "<group>"; };
		D2A104135ADDA4F4D6844EF2 = {isa = PBXFileReference; lastKnownFileType = sourcecode.swift; path = ../../Sources/BoundlessTranslator/Translation/SupportedLanguageCatalog.swift; sourceTree = "<group>"; };
		ADCB4CCCCB1FEA4477DBDF9D = {isa = PBXFileReference; lastKnownFileType = sourcecode.swift; path = ../../Sources/BoundlessTranslator/Application/Shortcut/GlobalShortcutController.swift; sourceTree = "<group>"; };
F1E65BBA7264588B9E9A96F8 = {isa = PBXFileReference; lastKnownFileType = sourcecode.swift; path = ../../Sources/BoundlessTranslator/Localization/InterfaceLanguageDisplayNameFormatter.swift; sourceTree = "<group>"; };
		CAE5253EAFF48867457A124C = {isa = PBXFileReference; lastKnownFileType = sourcecode.swift; path = ../../Sources/BoundlessTranslator/Application/HintSurface.swift; sourceTree = "<group>"; };
		B4F739B77D64B04908F37AC4 = {isa = PBXFileReference; lastKnownFileType = sourcecode.swift; path = ../../Sources/BoundlessTranslator/Settings/SettingsTip.swift; sourceTree = "<group>"; };
		07209320A8C0B8443E596CBA = {isa = PBXFileReference; lastKnownFileType = sourcecode.swift; path = ../../Sources/BoundlessTranslator/Settings/SettingsTipController.swift; sourceTree = "<group>"; };
		BC81889B7AD1D1DDA7AB553A = {isa = PBXFileReference; lastKnownFileType = text.plist.strings; name = "ar"; path = ../../Sources/BoundlessTranslator/Resources/ar.lproj/Localizable.strings; sourceTree = "<group>"; };
		33E703F92E26D9BDBCFFB8A7 = {isa = PBXFileReference; lastKnownFileType = text.plist.strings; name = "ca"; path = ../../Sources/BoundlessTranslator/Resources/ca.lproj/Localizable.strings; sourceTree = "<group>"; };
		C5A3B25FAC82F475462DF5F1 = {isa = PBXFileReference; lastKnownFileType = text.plist.strings; name = "cs"; path = ../../Sources/BoundlessTranslator/Resources/cs.lproj/Localizable.strings; sourceTree = "<group>"; };
		E3DC580C092AEFA5B49AA489 = {isa = PBXFileReference; lastKnownFileType = text.plist.strings; name = "da"; path = ../../Sources/BoundlessTranslator/Resources/da.lproj/Localizable.strings; sourceTree = "<group>"; };
		5A353FBC3A153827E77C2274 = {isa = PBXFileReference; lastKnownFileType = text.plist.strings; name = "de"; path = ../../Sources/BoundlessTranslator/Resources/de.lproj/Localizable.strings; sourceTree = "<group>"; };
		58FE346576C64BCA9EAE7041 = {isa = PBXFileReference; lastKnownFileType = text.plist.strings; name = "el"; path = ../../Sources/BoundlessTranslator/Resources/el.lproj/Localizable.strings; sourceTree = "<group>"; };
		389FD871C69BCD03062D99E1 = {isa = PBXFileReference; lastKnownFileType = text.plist.strings; name = "en-AU"; path = ../../Sources/BoundlessTranslator/Resources/en-AU.lproj/Localizable.strings; sourceTree = "<group>"; };
		6306D5676906142A99E5CE87 = {isa = PBXFileReference; lastKnownFileType = text.plist.strings; name = "en-CA"; path = ../../Sources/BoundlessTranslator/Resources/en-CA.lproj/Localizable.strings; sourceTree = "<group>"; };
		21E43E00C03A7023EFDDF2AE = {isa = PBXFileReference; lastKnownFileType = text.plist.strings; name = "en-GB"; path = ../../Sources/BoundlessTranslator/Resources/en-GB.lproj/Localizable.strings; sourceTree = "<group>"; };
		D01FA1F11DE66C476DEEB471 = {isa = PBXFileReference; lastKnownFileType = text.plist.strings; name = "en-IE"; path = ../../Sources/BoundlessTranslator/Resources/en-IE.lproj/Localizable.strings; sourceTree = "<group>"; };
		8EF48FAE8168B69F83044ECE = {isa = PBXFileReference; lastKnownFileType = text.plist.strings; name = "en-IN"; path = ../../Sources/BoundlessTranslator/Resources/en-IN.lproj/Localizable.strings; sourceTree = "<group>"; };
		662E0BD6838437936AABCD51 = {isa = PBXFileReference; lastKnownFileType = text.plist.strings; name = "en-NZ"; path = ../../Sources/BoundlessTranslator/Resources/en-NZ.lproj/Localizable.strings; sourceTree = "<group>"; };
		C76CAA5C71E16043031E6A96 = {isa = PBXFileReference; lastKnownFileType = text.plist.strings; name = "en-SG"; path = ../../Sources/BoundlessTranslator/Resources/en-SG.lproj/Localizable.strings; sourceTree = "<group>"; };
		C0AE7450D2AACECA4AD3D79A = {isa = PBXFileReference; lastKnownFileType = text.plist.strings; name = "en-ZA"; path = ../../Sources/BoundlessTranslator/Resources/en-ZA.lproj/Localizable.strings; sourceTree = "<group>"; };
		7AF1C2442564DFDBEF42359C = {isa = PBXFileReference; lastKnownFileType = text.plist.strings; name = "en"; path = ../../Sources/BoundlessTranslator/Resources/en.lproj/Localizable.strings; sourceTree = "<group>"; };
		A287C141D5178AE7CE3A646C = {isa = PBXFileReference; lastKnownFileType = text.plist.strings; name = "es-419"; path = ../../Sources/BoundlessTranslator/Resources/es-419.lproj/Localizable.strings; sourceTree = "<group>"; };
		D34EED843BEF2DECCB6C0935 = {isa = PBXFileReference; lastKnownFileType = text.plist.strings; name = "es-MX"; path = ../../Sources/BoundlessTranslator/Resources/es-MX.lproj/Localizable.strings; sourceTree = "<group>"; };
		FD10B7198F5258CE4BD54004 = {isa = PBXFileReference; lastKnownFileType = text.plist.strings; name = "es-US"; path = ../../Sources/BoundlessTranslator/Resources/es-US.lproj/Localizable.strings; sourceTree = "<group>"; };
		F6B393CE41F36BE22C335B9E = {isa = PBXFileReference; lastKnownFileType = text.plist.strings; name = "es"; path = ../../Sources/BoundlessTranslator/Resources/es.lproj/Localizable.strings; sourceTree = "<group>"; };
		65412314CE6E68745FA08620 = {isa = PBXFileReference; lastKnownFileType = text.plist.strings; name = "fi"; path = ../../Sources/BoundlessTranslator/Resources/fi.lproj/Localizable.strings; sourceTree = "<group>"; };
		189E33473975B54E55C44923 = {isa = PBXFileReference; lastKnownFileType = text.plist.strings; name = "fr-CA"; path = ../../Sources/BoundlessTranslator/Resources/fr-CA.lproj/Localizable.strings; sourceTree = "<group>"; };
		462F966697EE064B004F4A0E = {isa = PBXFileReference; lastKnownFileType = text.plist.strings; name = "fr"; path = ../../Sources/BoundlessTranslator/Resources/fr.lproj/Localizable.strings; sourceTree = "<group>"; };
		CDC1F0FC2C30BD6853BC26E3 = {isa = PBXFileReference; lastKnownFileType = text.plist.strings; name = "he"; path = ../../Sources/BoundlessTranslator/Resources/he.lproj/Localizable.strings; sourceTree = "<group>"; };
		39D86977C6ADF91D95C828D2 = {isa = PBXFileReference; lastKnownFileType = text.plist.strings; name = "hi"; path = ../../Sources/BoundlessTranslator/Resources/hi.lproj/Localizable.strings; sourceTree = "<group>"; };
		2A3ACBD51022870BF65E0384 = {isa = PBXFileReference; lastKnownFileType = text.plist.strings; name = "hr"; path = ../../Sources/BoundlessTranslator/Resources/hr.lproj/Localizable.strings; sourceTree = "<group>"; };
		D1D807078A1EB967B0156B6A = {isa = PBXFileReference; lastKnownFileType = text.plist.strings; name = "hu"; path = ../../Sources/BoundlessTranslator/Resources/hu.lproj/Localizable.strings; sourceTree = "<group>"; };
		C480DFD715FDEC09F9F33362 = {isa = PBXFileReference; lastKnownFileType = text.plist.strings; name = "id"; path = ../../Sources/BoundlessTranslator/Resources/id.lproj/Localizable.strings; sourceTree = "<group>"; };
		6899C61B9D84AF1BF5C23344 = {isa = PBXFileReference; lastKnownFileType = text.plist.strings; name = "it"; path = ../../Sources/BoundlessTranslator/Resources/it.lproj/Localizable.strings; sourceTree = "<group>"; };
		10519F62455FEE3F08CFDD76 = {isa = PBXFileReference; lastKnownFileType = text.plist.strings; name = "ja"; path = ../../Sources/BoundlessTranslator/Resources/ja.lproj/Localizable.strings; sourceTree = "<group>"; };
		DD7A7FD3C8DB42062DA1B4DB = {isa = PBXFileReference; lastKnownFileType = text.plist.strings; name = "ko"; path = ../../Sources/BoundlessTranslator/Resources/ko.lproj/Localizable.strings; sourceTree = "<group>"; };
		20EF74C71EFDA0DB31F85317 = {isa = PBXFileReference; lastKnownFileType = text.plist.strings; name = "ms"; path = ../../Sources/BoundlessTranslator/Resources/ms.lproj/Localizable.strings; sourceTree = "<group>"; };
		C2824AD5B8D8450DD9FC88A9 = {isa = PBXFileReference; lastKnownFileType = text.plist.strings; name = "nl"; path = ../../Sources/BoundlessTranslator/Resources/nl.lproj/Localizable.strings; sourceTree = "<group>"; };
		E27CB1A97016D9F79EED0995 = {isa = PBXFileReference; lastKnownFileType = text.plist.strings; name = "no"; path = ../../Sources/BoundlessTranslator/Resources/no.lproj/Localizable.strings; sourceTree = "<group>"; };
		090FFB8B8EAE403A0E980988 = {isa = PBXFileReference; lastKnownFileType = text.plist.strings; name = "pl"; path = ../../Sources/BoundlessTranslator/Resources/pl.lproj/Localizable.strings; sourceTree = "<group>"; };
		60D835C65411D162F25C2AB8 = {isa = PBXFileReference; lastKnownFileType = text.plist.strings; name = "pt-BR"; path = ../../Sources/BoundlessTranslator/Resources/pt-BR.lproj/Localizable.strings; sourceTree = "<group>"; };
		91E5AC0826DDBB74808FA5FC = {isa = PBXFileReference; lastKnownFileType = text.plist.strings; name = "pt-PT"; path = ../../Sources/BoundlessTranslator/Resources/pt-PT.lproj/Localizable.strings; sourceTree = "<group>"; };
		8980CA4964C6114183D7A882 = {isa = PBXFileReference; lastKnownFileType = text.plist.strings; name = "ro"; path = ../../Sources/BoundlessTranslator/Resources/ro.lproj/Localizable.strings; sourceTree = "<group>"; };
		87A85E6123E922F7EE193B56 = {isa = PBXFileReference; lastKnownFileType = text.plist.strings; name = "ru"; path = ../../Sources/BoundlessTranslator/Resources/ru.lproj/Localizable.strings; sourceTree = "<group>"; };
		37CEF3896D433D1C4281E427 = {isa = PBXFileReference; lastKnownFileType = text.plist.strings; name = "sk"; path = ../../Sources/BoundlessTranslator/Resources/sk.lproj/Localizable.strings; sourceTree = "<group>"; };
		1750C71EB65092DD01CAF762 = {isa = PBXFileReference; lastKnownFileType = text.plist.strings; name = "sl"; path = ../../Sources/BoundlessTranslator/Resources/sl.lproj/Localizable.strings; sourceTree = "<group>"; };
		2FA49DAC4D6B99AD916F785B = {isa = PBXFileReference; lastKnownFileType = text.plist.strings; name = "sv"; path = ../../Sources/BoundlessTranslator/Resources/sv.lproj/Localizable.strings; sourceTree = "<group>"; };
		F6CC245926B4426B3BADCA4C = {isa = PBXFileReference; lastKnownFileType = text.plist.strings; name = "th"; path = ../../Sources/BoundlessTranslator/Resources/th.lproj/Localizable.strings; sourceTree = "<group>"; };
		04AA0EEDB45FA121E1BB74DA = {isa = PBXFileReference; lastKnownFileType = text.plist.strings; name = "tr"; path = ../../Sources/BoundlessTranslator/Resources/tr.lproj/Localizable.strings; sourceTree = "<group>"; };
		FB8D21482CC0117C7CA03426 = {isa = PBXFileReference; lastKnownFileType = text.plist.strings; name = "uk"; path = ../../Sources/BoundlessTranslator/Resources/uk.lproj/Localizable.strings; sourceTree = "<group>"; };
		B7D0E7FF47FEFC6FDFFF5916 = {isa = PBXFileReference; lastKnownFileType = text.plist.strings; name = "vi"; path = ../../Sources/BoundlessTranslator/Resources/vi.lproj/Localizable.strings; sourceTree = "<group>"; };
		3BFA165D1F47630BEFF572CC = {isa = PBXFileReference; lastKnownFileType = text.plist.strings; name = "zh-Hans"; path = ../../Sources/BoundlessTranslator/Resources/zh-Hans.lproj/Localizable.strings; sourceTree = "<group>"; };
		FAE81852BD8E2ECCC56F0DBF = {isa = PBXFileReference; lastKnownFileType = text.plist.strings; name = "zh-Hant-HK"; path = ../../Sources/BoundlessTranslator/Resources/zh-Hant-HK.lproj/Localizable.strings; sourceTree = "<group>"; };
		0ECC346B29010F24D8EFB054 = {isa = PBXFileReference; lastKnownFileType = text.plist.strings; name = "zh-Hant"; path = ../../Sources/BoundlessTranslator/Resources/zh-Hant.lproj/Localizable.strings; sourceTree = "<group>"; };
		2E23633B21724D0F2CE9EDB3 = {isa = PBXFileReference; lastKnownFileType = sourcecode.swift; path = "../../Sources/BoundlessTranslator/ImageViewer/ImageTextDocument.swift"; sourceTree = "<group>"; };
		BFA6126485AC5BA3041FF68A = {isa = PBXFileReference; lastKnownFileType = sourcecode.swift; path = "../../Sources/BoundlessTranslator/ImageViewer/ImageTextLayout.swift"; sourceTree = "<group>"; };
		4043E409BA8270F378E4FA97 = {isa = PBXFileReference; lastKnownFileType = sourcecode.swift; path = "../../Sources/BoundlessTranslator/ImageViewer/ImageTextRecognizer.swift"; sourceTree = "<group>"; };
		E21000000000000000000001 = {isa = PBXFileReference; lastKnownFileType = folder; path = ../Fixtures/ImageText; sourceTree = "<group>"; };
		E21000000000000000000002 = {isa = PBXFileReference; lastKnownFileType = sourcecode.swift; path = ../GUI/ImageTextGUITestCase.swift; sourceTree = "<group>"; };
		E21000000000000000000004 = {isa = PBXFileReference; lastKnownFileType = sourcecode.swift; path = ../GUI/ImageTextFocusGUITests.swift; sourceTree = "<group>"; };
		630B201E9FC96A203FD32641 = {isa = PBXFileReference; lastKnownFileType = sourcecode.swift; path = "../../Sources/BoundlessTranslator/ImageViewer/ImageTextPreviewTarget.swift"; sourceTree = "<group>"; };
		3C3310FADABF5C0409C25D67 = {isa = PBXFileReference; lastKnownFileType = sourcecode.swift; path = "../../Sources/BoundlessTranslator/ImageViewer/ScreenshotTranslationCard.swift"; sourceTree = "<group>"; };
		782F080DE1AC32BC06559FBF = {isa = PBXFileReference; lastKnownFileType = sourcecode.swift; path = "../../Sources/BoundlessTranslator/ImageViewer/ScreenshotTranslationController.swift"; sourceTree = "<group>"; };
/* End PBXFileReference section */
/* Begin PBXFrameworksBuildPhase section */
		A60000000000000000000001 = {isa = PBXFrameworksBuildPhase; buildActionMask = 2147483647; files = (F10000000000000000000001,); runOnlyForDeploymentPostprocessing = 0; };
		A60000000000000000000002 = {isa = PBXFrameworksBuildPhase; buildActionMask = 2147483647; files = (); runOnlyForDeploymentPostprocessing = 0; };
		C60000000000000000000001 = {isa = PBXFrameworksBuildPhase; buildActionMask = 2147483647; files = (); runOnlyForDeploymentPostprocessing = 0; };
		C60000000000000000000002 = {isa = PBXFrameworksBuildPhase; buildActionMask = 2147483647; files = (); runOnlyForDeploymentPostprocessing = 0; };
		D60000000000000000000001 = {isa = PBXFrameworksBuildPhase; buildActionMask = 2147483647; files = (); runOnlyForDeploymentPostprocessing = 0; };
		D60000000000000000000002 = {isa = PBXFrameworksBuildPhase; buildActionMask = 2147483647; files = (); runOnlyForDeploymentPostprocessing = 0; };
/* End PBXFrameworksBuildPhase section */
/* Begin PBXGroup section */
		A70000000000000000000001 = {
			isa = PBXGroup;
			children = (B4BE5B5E69F82F4FC3BD9C8C, A70000000000000000000004, C70000000000000000000002, D70000000000000000000002, A70000000000000000000003, A70000000000000000000005,);
			sourceTree = "<group>";
		};
		A70000000000000000000002 = {isa = PBXGroup; children = (A20000000000000000000001, A20000000000000000000015, A20000000000000000000072,); name = "Lookup Cursor Fixture App"; sourceTree = "<group>"; };
		A70000000000000000000003 = {isa = PBXGroup; children = (782F080DE1AC32BC06559FBF, 3C3310FADABF5C0409C25D67, 630B201E9FC96A203FD32641, 81B94FDDDFEA654FDE1010F7 /* AppControlStyle.swift */, A20000000000000000000068, A20000000000000000000067, A20000000000000000000066, A20000000000000000000065, A20000000000000000000064, A20000000000000000000046, A20000000000000000000069, A20000000000000000000045, 8F5670E2324E4027D5FF67CB, A20000000000000000000044, A20000000000000000000043, A20000000000000000000041, A20000000000000000000040, A2000000000000000000003F, A2000000000000000000003C, A20000000000000000000039, A20000000000000000000038, A20000000000000000000037, A20000000000000000000034, A20000000000000000000033, A20000000000000000000032, A20000000000000000000031, A20000000000000000000030, A2000000000000000000002F, A2000000000000000000002E, A2000000000000000000002D, A2000000000000000000002C, A2000000000000000000002B, A2000000000000000000002A, A20000000000000000000029, A20000000000000000000028, A20000000000000000000027, A20000000000000000000026, A20000000000000000000025, A20000000000000000000024, A20000000000000000000075, A20000000000000000000070, A20000000000000000000071, BB0F48F5D1954E8B931652B2, A20000000000000000000023, A20000000000000000000022, A20000000000000000000021, A20000000000000000000020, A20000000000000000000002, A20000000000000000000003, A20000000000000000000004, A20000000000000000000005, A20000000000000000000006, A20000000000000000000010, A20000000000000000000011, A20000000000000000000012, A20000000000000000000013, A20000000000000000000014, A20000000000000000000016, 2E23633B21724D0F2CE9EDB3, BFA6126485AC5BA3041FF68A, 4043E409BA8270F378E4FA97, A20000000000000000000018,); name = "Production Sources"; sourceTree = "<group>"; };
		A70000000000000000000004 = {isa = PBXGroup; children = (E21000000000000000000002, E21000000000000000000004, A20000000000000000000019, A20000000000000000000073, A70000000000000000000002, A70000000000000000000006,); name = "GUI"; sourceTree = "<group>"; };
		A70000000000000000000005 = {isa = PBXGroup; children = (A20000000000000000000008, A20000000000000000000009, C20000000000000000000006, C20000000000000000000007, D20000000000000000000004, D20000000000000000000005,); name = Products; sourceTree = "<group>"; };
		C70000000000000000000001 = {isa = PBXGroup; children = (C20000000000000000000001,); name = Host; sourceTree = "<group>"; };
		C70000000000000000000002 = {isa = PBXGroup; children = (C20000000000000000000002, C20000000000000000000003, C20000000000000000000004, C20000000000000000000005, C20000000000000000000008, C70000000000000000000001,); name = StoreKit; sourceTree = "<group>"; };
		D70000000000000000000001 = {isa = PBXGroup; children = (D20000000000000000000001,); name = Host; sourceTree = "<group>"; };
		D70000000000000000000002 = {isa = PBXGroup; children = (D20000000000000000000002, D20000000000000000000003, D20000000000000000000007, D20000000000000000000008, D70000000000000000000001,); name = "E2E DMG"; sourceTree = "<group>"; };
		A70000000000000000000006 = {isa = PBXGroup; children = (A20000000000000000000017, E21000000000000000000001,); name = "Image Text Fixture App"; sourceTree = "<group>"; };
/* End PBXGroup section */
/* Begin PBXNativeTarget section */
		A50000000000000000000001 = {
			isa = PBXNativeTarget;
			buildConfigurationList = A80000000000000000000002;
			buildPhases = (A90000000000000000000001, A60000000000000000000001, A90000000000000000000003,);
			buildRules = ();
			dependencies = ();
			name = CursorTestHost;
			packageProductDependencies = (F20000000000000000000001,);
			productName = BoundlessTranslatorCursorTestHost;
			productReference = A20000000000000000000008;
			productType = "com.apple.product-type.application";
		};
		A50000000000000000000002 = {
			isa = PBXNativeTarget;
			buildConfigurationList = A80000000000000000000003;
			buildPhases = (A90000000000000000000002, A60000000000000000000002,);
			buildRules = ();
			dependencies = (A30000000000000000000002,);
			name = BoundlessTranslatorGUITests;
			productName = BoundlessTranslatorGUITests;
			productReference = A20000000000000000000009;
			productType = "com.apple.product-type.bundle.ui-testing";
		};
		C50000000000000000000001 = {isa = PBXNativeTarget; buildConfigurationList = C80000000000000000000001; buildPhases = (C90000000000000000000001, C60000000000000000000001, C90000000000000000000004,); buildRules = (); dependencies = (); name = StoreKitTestHost; productName = BoundlessTranslatorStoreKitTestHost; productReference = C20000000000000000000006; productType = "com.apple.product-type.application"; };
		C50000000000000000000002 = {isa = PBXNativeTarget; buildConfigurationList = C80000000000000000000002; buildPhases = (C90000000000000000000002, C60000000000000000000002, C90000000000000000000003,); buildRules = (); dependencies = (C30000000000000000000002,); name = BoundlessTranslatorStoreKitTests; productName = BoundlessTranslatorStoreKitTests; productReference = C20000000000000000000007; productType = "com.apple.product-type.bundle.unit-test"; };
		D50000000000000000000001 = {isa = PBXNativeTarget; buildConfigurationList = D80000000000000000000001; buildPhases = (D90000000000000000000001, D60000000000000000000001,); buildRules = (); dependencies = (); name = E2ETestHost; productName = BoundlessTranslatorE2ETestHost; productReference = D20000000000000000000004; productType = "com.apple.product-type.application"; };
		D50000000000000000000002 = {isa = PBXNativeTarget; buildConfigurationList = D80000000000000000000002; buildPhases = (D90000000000000000000002, D60000000000000000000002,); buildRules = (); dependencies = (D30000000000000000000002, D30000000000000000000003,); name = BoundlessTranslatorE2ETests; productName = BoundlessTranslatorE2ETests; productReference = D20000000000000000000005; productType = "com.apple.product-type.bundle.ui-testing"; };
/* End PBXNativeTarget section */
/* Begin PBXProject section */
		A40000000000000000000001 = {
			isa = PBXProject;
			attributes = {
				BuildIndependentTargetsInParallel = 1;
				LastSwiftUpdateCheck = 2660;
				LastUpgradeCheck = 2660;
				TargetAttributes = {
					A50000000000000000000001 = {CreatedOnToolsVersion = 26.6;};
					A50000000000000000000002 = {CreatedOnToolsVersion = 26.6; TestTargetID = A50000000000000000000001;};
					C50000000000000000000001 = {CreatedOnToolsVersion = 26.6;};
					C50000000000000000000002 = {CreatedOnToolsVersion = 26.6; TestTargetID = C50000000000000000000001;};
					D50000000000000000000001 = {CreatedOnToolsVersion = 26.6;};
					D50000000000000000000002 = {CreatedOnToolsVersion = 26.6; TestTargetID = D50000000000000000000001;};
				};
			};
			buildConfigurationList = A80000000000000000000001;
			compatibilityVersion = "Xcode 16.0";
			developmentRegion = en;
			hasScannedForEncodings = 0;
			knownRegions = ("ar", "ca", "cs", "da", "de", "el", "en-AU", "en-CA", "en-GB", "en-IE", "en-IN", "en-NZ", "en-SG", "en-ZA", "en", "es-419", "es-MX", "es-US", "es", "fi", "fr-CA", "fr", "he", "hi", "hr", "hu", "id", "it", "ja", "ko", "ms", "nl", "no", "pl", "pt-BR", "pt-PT", "ro", "ru", "sk", "sl", "sv", "th", "tr", "uk", "vi", "zh-Hans", "zh-Hant-HK", "zh-Hant", Base,);
			mainGroup = A70000000000000000000001;
			productRefGroup = A70000000000000000000005;
			packageReferences = (F30000000000000000000001,);
			projectDirPath = "";
			projectRoot = "";
			targets = (A50000000000000000000001, A50000000000000000000002, C50000000000000000000001, C50000000000000000000002, D50000000000000000000001, D50000000000000000000002,);
		};
/* End PBXProject section */
/* Begin PBXResourcesBuildPhase section */
		A90000000000000000000003 = {isa = PBXResourcesBuildPhase; buildActionMask = 2147483647; files = (E11000000000000000000001, A10000000000000000000013, A10000000000000000000076,); runOnlyForDeploymentPostprocessing = 0; };
		C90000000000000000000003 = {isa = PBXResourcesBuildPhase; buildActionMask = 2147483647; files = (C10000000000000000000005,); runOnlyForDeploymentPostprocessing = 0; };
		C90000000000000000000004 = {isa = PBXResourcesBuildPhase; buildActionMask = 2147483647; files = (C10000000000000000000006,); runOnlyForDeploymentPostprocessing = 0; };
/* End PBXResourcesBuildPhase section */
/* Begin PBXSourcesBuildPhase section */
		A90000000000000000000001 = {isa = PBXSourcesBuildPhase; buildActionMask = 2147483647; files = (BF61F91261F92F55BC807AE3, BFFE8A427241A90AB9D8432E, DC72ED39F675385F4DF7B230, 690CA304A3CF685AFFF32815, 1D7CBD57ED7A24D7369F7E1A, BB830FFD97282117CDDE4B07, BC8BACB21BCAA8AD0251ACD3, DE1C509A35E879F72C0535B2, B211A9FDE331BA61B15A4BF9, BC0E91E4783D914D9509F11F, E0DA6393BABA377B9FBC56EA, 57E4E18F0F95622FBDA8B5F2, 39D309C0A8AC9CB278C83134, 46576A9F5771D9974650EADF, 2D9684BA760B214C29E156A9, 9CE256F13F5CA0A434FA6D8C, 0B0F6CF84C7881FA091E262B, 7F5745092BC9F055EB2F8D8C, D28BABCC7CCA81316979D22F, 19E2BD74B749D784455294C7 /* AppControlStyle.swift in Sources */, A10000000000000000000068, A10000000000000000000067, A10000000000000000000066, A10000000000000000000065, A10000000000000000000064, A10000000000000000000046, A10000000000000000000069, A10000000000000000000045, 3D687220586BA650701AEAC5, A10000000000000000000044, A10000000000000000000043, A10000000000000000000041, A10000000000000000000040, A1000000000000000000003F, A1000000000000000000003C, A10000000000000000000039, A10000000000000000000038, A10000000000000000000037, A10000000000000000000034, A10000000000000000000033, A10000000000000000000032, A10000000000000000000031, A10000000000000000000030, A1000000000000000000002F, A1000000000000000000002E, A1000000000000000000002D, A1000000000000000000002C, A1000000000000000000002B, A1000000000000000000002A, A10000000000000000000029, A10000000000000000000028, A10000000000000000000027, A10000000000000000000026, A10000000000000000000025, A10000000000000000000024, A10000000000000000000075, A10000000000000000000070, A10000000000000000000071, BB0F48F5D1954E8B931652B1, A10000000000000000000023, A10000000000000000000022, A10000000000000000000021, A10000000000000000000020, A10000000000000000000001, A10000000000000000000002, A10000000000000000000003, A10000000000000000000004, A10000000000000000000005, A10000000000000000000006, A10000000000000000000008, A10000000000000000000009, A10000000000000000000010, A10000000000000000000011, A10000000000000000000012, A10000000000000000000014, A10000000000000000000015, 79406A12231A1C4B305691FC, 9620240A7038C37F0FCBBB21, D5DA7F9ED9EC98DED51823CA, A10000000000000000000016, A10000000000000000000072,); runOnlyForDeploymentPostprocessing = 0; };
		A90000000000000000000002 = {isa = PBXSourcesBuildPhase; buildActionMask = 2147483647; files = (A10000000000000000000073,); runOnlyForDeploymentPostprocessing = 0; };
		C90000000000000000000001 = {isa = PBXSourcesBuildPhase; buildActionMask = 2147483647; files = (C10000000000000000000001,); runOnlyForDeploymentPostprocessing = 0; };
		C90000000000000000000002 = {isa = PBXSourcesBuildPhase; buildActionMask = 2147483647; files = (C10000000000000000000002, C10000000000000000000003, C10000000000000000000004, C10000000000000000000008,); runOnlyForDeploymentPostprocessing = 0; };
		D90000000000000000000001 = {isa = PBXSourcesBuildPhase; buildActionMask = 2147483647; files = (D10000000000000000000001,); runOnlyForDeploymentPostprocessing = 0; };
		D90000000000000000000002 = {isa = PBXSourcesBuildPhase; buildActionMask = 2147483647; files = (E11000000000000000000004, E11000000000000000000002, D10000000000000000000002, D10000000000000000000003, D10000000000000000000005, D10000000000000000000006, A10000000000000000000017,); runOnlyForDeploymentPostprocessing = 0; };
/* End PBXSourcesBuildPhase section */
/* Begin PBXTargetDependency section */
		A30000000000000000000002 = {isa = PBXTargetDependency; target = A50000000000000000000001; targetProxy = A30000000000000000000001; };
		C30000000000000000000002 = {isa = PBXTargetDependency; target = C50000000000000000000001; targetProxy = C30000000000000000000001; };
		D30000000000000000000002 = {isa = PBXTargetDependency; target = D50000000000000000000001; targetProxy = D30000000000000000000001; };
		D30000000000000000000003 = {isa = PBXTargetDependency; target = A50000000000000000000001; targetProxy = A30000000000000000000001; };
/* End PBXTargetDependency section */
/* Begin XCBuildConfiguration section */
		B10000000000000000000001 = {isa = XCBuildConfiguration; buildSettings = {ALWAYS_SEARCH_USER_PATHS = NO; ARCHS = arm64; MACOSX_DEPLOYMENT_TARGET = 15.0; ONLY_ACTIVE_ARCH = YES; SDKROOT = macosx; SWIFT_OPTIMIZATION_LEVEL = "-Onone"; SWIFT_VERSION = 6.0;}; name = Debug; };
		B10000000000000000000002 = {isa = XCBuildConfiguration; buildSettings = {MACOSX_DEPLOYMENT_TARGET = 15.0; SDKROOT = macosx; SWIFT_VERSION = 6.0;}; name = Release; };
		B10000000000000000000003 = {isa = XCBuildConfiguration; buildSettings = {ALWAYS_SEARCH_USER_PATHS = NO; ARCHS = arm64; CODE_SIGN_IDENTITY = "-"; CODE_SIGN_STYLE = Manual; GENERATE_INFOPLIST_FILE = NO; INFOPLIST_FILE = ../GUI/FixtureApp/Info.plist; MACOSX_DEPLOYMENT_TARGET = 15.0; ONLY_ACTIVE_ARCH = YES; PRODUCT_BUNDLE_IDENTIFIER = "com.boundless-translator.cursor-test-host"; PRODUCT_NAME = BoundlessTranslatorCursorTestHost; SDKROOT = macosx; SWIFT_OPTIMIZATION_LEVEL = "-Onone"; SWIFT_VERSION = 6.0;}; name = Debug; };
		B10000000000000000000004 = {isa = XCBuildConfiguration; buildSettings = {CODE_SIGN_IDENTITY = "-"; CODE_SIGN_STYLE = Manual; GENERATE_INFOPLIST_FILE = NO; INFOPLIST_FILE = ../GUI/FixtureApp/Info.plist; MACOSX_DEPLOYMENT_TARGET = 15.0; PRODUCT_BUNDLE_IDENTIFIER = "com.boundless-translator.cursor-test-host"; PRODUCT_NAME = BoundlessTranslatorCursorTestHost; SDKROOT = macosx; SWIFT_VERSION = 6.0;}; name = Release; };
		B10000000000000000000005 = {isa = XCBuildConfiguration; buildSettings = {ALWAYS_SEARCH_USER_PATHS = NO; ARCHS = arm64; CODE_SIGN_IDENTITY = "-"; CODE_SIGN_STYLE = Manual; GENERATE_INFOPLIST_FILE = YES; MACOSX_DEPLOYMENT_TARGET = 15.0; ONLY_ACTIVE_ARCH = YES; PRODUCT_BUNDLE_IDENTIFIER = "com.boundless-translator.cursor-ui-tests"; PRODUCT_NAME = BoundlessTranslatorGUITests; SDKROOT = macosx; SWIFT_OPTIMIZATION_LEVEL = "-Onone"; SWIFT_VERSION = 6.0; TEST_TARGET_NAME = CursorTestHost;}; name = Debug; };
		B10000000000000000000006 = {isa = XCBuildConfiguration; buildSettings = {CODE_SIGN_IDENTITY = "-"; CODE_SIGN_STYLE = Manual; GENERATE_INFOPLIST_FILE = YES; MACOSX_DEPLOYMENT_TARGET = 15.0; PRODUCT_BUNDLE_IDENTIFIER = "com.boundless-translator.cursor-ui-tests"; PRODUCT_NAME = BoundlessTranslatorGUITests; SDKROOT = macosx; SWIFT_VERSION = 6.0; TEST_TARGET_NAME = CursorTestHost;}; name = Release; };
		C10000000000000000000101 = {isa = XCBuildConfiguration; buildSettings = {ALWAYS_SEARCH_USER_PATHS = NO; ARCHS = arm64; CODE_SIGN_IDENTITY = "-"; CODE_SIGN_STYLE = Manual; GENERATE_INFOPLIST_FILE = NO; INFOPLIST_FILE = ../StoreKit/Host/Info.plist; MACOSX_DEPLOYMENT_TARGET = 15.0; ONLY_ACTIVE_ARCH = YES; PRODUCT_BUNDLE_IDENTIFIER = "com.boundless-translator.storekit-test-host"; PRODUCT_NAME = BoundlessTranslatorStoreKitTestHost; SDKROOT = macosx; SWIFT_DEFAULT_ACTOR_ISOLATION = MainActor; SWIFT_OPTIMIZATION_LEVEL = "-Onone"; SWIFT_VERSION = 6.0;}; name = Debug; };
		C10000000000000000000102 = {isa = XCBuildConfiguration; buildSettings = {CODE_SIGN_IDENTITY = "-"; CODE_SIGN_STYLE = Manual; GENERATE_INFOPLIST_FILE = NO; INFOPLIST_FILE = ../StoreKit/Host/Info.plist; MACOSX_DEPLOYMENT_TARGET = 15.0; PRODUCT_BUNDLE_IDENTIFIER = "com.boundless-translator.storekit-test-host"; PRODUCT_NAME = BoundlessTranslatorStoreKitTestHost; SDKROOT = macosx; SWIFT_DEFAULT_ACTOR_ISOLATION = MainActor; SWIFT_VERSION = 6.0;}; name = Release; };
		C10000000000000000000103 = {isa = XCBuildConfiguration; buildSettings = {ALWAYS_SEARCH_USER_PATHS = NO; ARCHS = arm64; CODE_SIGN_IDENTITY = "-"; CODE_SIGN_STYLE = Manual; GENERATE_INFOPLIST_FILE = YES; MACOSX_DEPLOYMENT_TARGET = 15.0; ONLY_ACTIVE_ARCH = YES; PRODUCT_BUNDLE_IDENTIFIER = "com.boundless-translator.storekit-tests"; PRODUCT_NAME = BoundlessTranslatorStoreKitTests; SDKROOT = macosx; SWIFT_OPTIMIZATION_LEVEL = "-Onone"; SWIFT_VERSION = 6.0; TEST_HOST = "$(BUILT_PRODUCTS_DIR)/BoundlessTranslatorStoreKitTestHost.app/Contents/MacOS/BoundlessTranslatorStoreKitTestHost"; BUNDLE_LOADER = "$(TEST_HOST)";}; name = Debug; };
		C10000000000000000000104 = {isa = XCBuildConfiguration; buildSettings = {CODE_SIGN_IDENTITY = "-"; CODE_SIGN_STYLE = Manual; GENERATE_INFOPLIST_FILE = YES; MACOSX_DEPLOYMENT_TARGET = 15.0; PRODUCT_BUNDLE_IDENTIFIER = "com.boundless-translator.storekit-tests"; PRODUCT_NAME = BoundlessTranslatorStoreKitTests; SDKROOT = macosx; SWIFT_VERSION = 6.0; TEST_HOST = "$(BUILT_PRODUCTS_DIR)/BoundlessTranslatorStoreKitTestHost.app/Contents/MacOS/BoundlessTranslatorStoreKitTestHost"; BUNDLE_LOADER = "$(TEST_HOST)";}; name = Release; };
		E10000000000000000000001 = {isa = XCBuildConfiguration; buildSettings = {ALWAYS_SEARCH_USER_PATHS = NO; ARCHS = arm64; CODE_SIGN_IDENTITY = "Apple Development"; CODE_SIGN_STYLE = Manual; DEVELOPMENT_TEAM = 3S9ZKKJ6PW; GENERATE_INFOPLIST_FILE = NO; INFOPLIST_FILE = ../E2E/Host/Info.plist; MACOSX_DEPLOYMENT_TARGET = 15.0; ONLY_ACTIVE_ARCH = YES; PRODUCT_BUNDLE_IDENTIFIER = "com.boundless-translator.e2e-test-host"; PRODUCT_NAME = BoundlessTranslatorE2ETestHost; SDKROOT = macosx; SWIFT_DEFAULT_ACTOR_ISOLATION = MainActor; SWIFT_OPTIMIZATION_LEVEL = "-Onone"; SWIFT_VERSION = 6.0;}; name = Debug; };
		E10000000000000000000002 = {isa = XCBuildConfiguration; buildSettings = {CODE_SIGN_IDENTITY = "Apple Development"; CODE_SIGN_STYLE = Manual; DEVELOPMENT_TEAM = 3S9ZKKJ6PW; GENERATE_INFOPLIST_FILE = NO; INFOPLIST_FILE = ../E2E/Host/Info.plist; MACOSX_DEPLOYMENT_TARGET = 15.0; PRODUCT_BUNDLE_IDENTIFIER = "com.boundless-translator.e2e-test-host"; PRODUCT_NAME = BoundlessTranslatorE2ETestHost; SDKROOT = macosx; SWIFT_DEFAULT_ACTOR_ISOLATION = MainActor; SWIFT_VERSION = 6.0;}; name = Release; };
		E10000000000000000000003 = {isa = XCBuildConfiguration; buildSettings = {ALWAYS_SEARCH_USER_PATHS = NO; ARCHS = arm64; CODE_SIGN_IDENTITY = "Apple Development"; CODE_SIGN_STYLE = Manual; DEVELOPMENT_TEAM = 3S9ZKKJ6PW; GENERATE_INFOPLIST_FILE = YES; MACOSX_DEPLOYMENT_TARGET = 15.0; ONLY_ACTIVE_ARCH = YES; PRODUCT_BUNDLE_IDENTIFIER = "com.boundless-translator.e2e-tests"; PRODUCT_NAME = BoundlessTranslatorE2ETests; SDKROOT = macosx; SWIFT_OPTIMIZATION_LEVEL = "-Onone"; SWIFT_VERSION = 6.0; TEST_TARGET_NAME = E2ETestHost;}; name = Debug; };
		E10000000000000000000004 = {isa = XCBuildConfiguration; buildSettings = {CODE_SIGN_IDENTITY = "Apple Development"; CODE_SIGN_STYLE = Manual; DEVELOPMENT_TEAM = 3S9ZKKJ6PW; GENERATE_INFOPLIST_FILE = YES; MACOSX_DEPLOYMENT_TARGET = 15.0; PRODUCT_BUNDLE_IDENTIFIER = "com.boundless-translator.e2e-tests"; PRODUCT_NAME = BoundlessTranslatorE2ETests; SDKROOT = macosx; SWIFT_VERSION = 6.0; TEST_TARGET_NAME = E2ETestHost;}; name = Release; };
/* End XCBuildConfiguration section */
/* Begin XCRemoteSwiftPackageReference section */
        F30000000000000000000001 = {isa = XCRemoteSwiftPackageReference; repositoryURL = "https://github.com/sindresorhus/KeyboardShortcuts"; requirement = {kind = upToNextMajorVersion; minimumVersion = 3.1.0; }; };
/* End XCRemoteSwiftPackageReference section */
/* Begin XCSwiftPackageProductDependency section */
        F20000000000000000000001 = {isa = XCSwiftPackageProductDependency; package = F30000000000000000000001; productName = KeyboardShortcuts; };
/* End XCSwiftPackageProductDependency section */
/* Begin XCConfigurationList section */
		A80000000000000000000001 = {isa = XCConfigurationList; buildConfigurations = (B10000000000000000000001, B10000000000000000000002,); defaultConfigurationIsVisible = 0; defaultConfigurationName = Release; };
		A80000000000000000000002 = {isa = XCConfigurationList; buildConfigurations = (B10000000000000000000003, B10000000000000000000004,); defaultConfigurationIsVisible = 0; defaultConfigurationName = Release; };
		A80000000000000000000003 = {isa = XCConfigurationList; buildConfigurations = (B10000000000000000000005, B10000000000000000000006,); defaultConfigurationIsVisible = 0; defaultConfigurationName = Release; };
		C80000000000000000000001 = {isa = XCConfigurationList; buildConfigurations = (C10000000000000000000101, C10000000000000000000102,); defaultConfigurationIsVisible = 0; defaultConfigurationName = Release; };
		C80000000000000000000002 = {isa = XCConfigurationList; buildConfigurations = (C10000000000000000000103, C10000000000000000000104,); defaultConfigurationIsVisible = 0; defaultConfigurationName = Release; };
		D80000000000000000000001 = {isa = XCConfigurationList; buildConfigurations = (E10000000000000000000001, E10000000000000000000002,); defaultConfigurationIsVisible = 0; defaultConfigurationName = Release; };
		D80000000000000000000002 = {isa = XCConfigurationList; buildConfigurations = (E10000000000000000000003, E10000000000000000000004,); defaultConfigurationIsVisible = 0; defaultConfigurationName = Release; };
/* End XCConfigurationList section */
	};
	rootObject = A40000000000000000000001;
}
